
Microsoft Visual Studio Solution File, Format Version 12.00
# Visual Studio 15
VisualStudioVersion = 15.0.28307.271
MinimumVisualStudioVersion = 10.0.40219.1
Project("{FAE04EC0-301F-11D3-BF4B-00C04F79EFBC}") = "TuneViewer", "TuneViewer\TuneViewer.csproj", "{ACF704B6-D0E3-4FD6-9BFB-36AA7F44D7A1}"
EndProject
Global
	GlobalSection(SolutionConfigurationPlatforms) = preSolution
		Debug|Any CPU = Debug|Any CPU
		Release|Any CPU = Release|Any CPU
	EndGlobalSection
	GlobalSection(ProjectConfigurationPlatforms) = postSolution
		{ACF704B6-D0E3-4FD6-9BFB-36AA7F44D7A1}.Debug|Any CPU.ActiveCfg = Debug|Any CPU
		{ACF704B6-D0E3-4FD6-9BFB-36AA7F44D7A1}.Debug|Any CPU.Build.0 = Debug|Any CPU
		{ACF704B6-D0E3-4FD6-9BFB-36AA7F44D7A1}.Release|Any CPU.ActiveCfg = Release|Any CPU
		{ACF704B6-D0E3-4FD6-9BFB-36AA7F44D7A1}.Release|Any CPU.Build.0 = Release|Any CPU
	EndGlobalSection
	GlobalSection(SolutionProperties) = preSolution
		HideSolutionNode = FALSE
	EndGlobalSection
	GlobalSection(ExtensibilityGlobals) = postSolution
		SolutionGuid = {12021478-9B84-4381-B7FD-9069E0712AC7}
	EndGlobalSection
EndGlobal
